// !$*UTF8*$!
{
	archiveVersion = 1;
	classes = {
	};
	objectVersion = 56;
	objects = {

/* Begin PBXBuildFile section */
		3BF34F4E299D51BF004EA688 /* AppDelegate.swift in Sources */ = {isa = PBXBuildFile; fileRef = 3BF34F4D299D51BF004EA688 /* AppDelegate.swift */; };
		3BF34F50299D51BF004EA688 /* SceneDelegate.swift in Sources */ = {isa = PBXBuildFile; fileRef = 3BF34F4F299D51BF004EA688 /* SceneDelegate.swift */; };
		3BF34F52299D51BF004EA688 /* ViewController.swift in Sources */ = {isa = PBXBuildFile; fileRef = 3BF34F51299D51BF004EA688 /* ViewController.swift */; };
		3BF34F55299D51BF004EA688 /* Main.storyboard in Resources */ = {isa = PBXBuildFile; fileRef = 3BF34F53299D51BF004EA688 /* Main.storyboard */; };
		3BF34F57299D51C0004EA688 /* Assets.xcassets in Resources */ = {isa = PBXBuildFile; fileRef = 3BF34F56299D51C0004EA688 /* Assets.xcassets */; };
		3BF34F5A299D51C0004EA688 /* LaunchScreen.storyboard in Resources */ = {isa = PBXBuildFile; fileRef = 3BF34F58299D51C0004EA688 /* LaunchScreen.storyboard */; };
		3BF34F62299D595D004EA688 /* Tasks.swift in Sources */ = {isa = PBXBuildFile; fileRef = 3BF34F61299D595D004EA688 /* Tasks.swift */; };
		3BF34F64299D5AEE004EA688 /* CustomTableViewCell.swift in Sources */ = {isa = PBXBuildFile; fileRef = 3BF34F63299D5AEE004EA688 /* CustomTableViewCell.swift */; };
		3BF34F6629A18921004EA688 /* AttachViewController.swift in Sources */ = {isa = PBXBuildFile; fileRef = 3BF34F6529A18921004EA688 /* AttachViewController.swift */; };
		3BF34F6829A23883004EA688 /* TaskAnnotationView.swift in Sources */ = {isa = PBXBuildFile; fileRef = 3BF34F6729A23883004EA688 /* TaskAnnotationView.swift */; };
		3BF34F6A29A2F148004EA688 /* TaskComposeViewController.swift in Sources */ = {isa = PBXBuildFile; fileRef = 3BF34F6929A2F148004EA688 /* TaskComposeViewController.swift */; };
		3BF34F6C29A867DE004EA688 /* yVtjPt2F.gif in Resources */ = {isa = PBXBuildFile; fileRef = 3BF34F6B29A867DE004EA688 /* yVtjPt2F.gif */; };
/* End PBXBuildFile section */

/* Begin PBXFileReference section */
		3BF34F4A299D51BF004EA688 /* PhotoScavengerHunt.app */ = {isa = PBXFileReference; explicitFileType = wrapper.application; includeInIndex = 0; path = PhotoScavengerHunt.app; sourceTree = BUILT_PRODUCTS_DIR; };
		3BF34F4D299D51BF004EA688 /* AppDelegate.swift */ = {isa = PBXFileReference; lastKnownFileType = sourcecode.swift; path = AppDelegate.swift; sourceTree = "<group>"; };
		3BF34F4F299D51BF004EA688 /* SceneDelegate.swift */ = {isa = PBXFileReference; lastKnownFileType = sourcecode.swift; path = SceneDelegate.swift; sourceTree = "<group>"; };
		3BF34F51299D51BF004EA688 /* ViewController.swift */ = {isa = PBXFileReference; lastKnownFileType = sourcecode.swift; path = ViewController.swift; sourceTree = "<group>"; };
		3BF34F54299D51BF004EA688 /* Base */ = {isa = PBXFileReference; lastKnownFileType = file.storyboard; name = Base; path = Base.lproj/Main.storyboard; sourceTree = "<group>"; };
		3BF34F56299D51C0004EA688 /* Assets.xcassets */ = {isa = PBXFileReference; lastKnownFileType = folder.assetcatalog; path = Assets.xcassets; sourceTree = "<group>"; };
		3BF34F59299D51C0004EA688 /* Base */ = {isa = PBXFileReference; lastKnownFileType = file.storyboard; name = Base; path = Base.lproj/LaunchScreen.storyboard; sourceTree = "<group>"; };
		3BF34F5B299D51C0004EA688 /* Info.plist */ = {isa = PBXFileReference; lastKnownFileType = text.plist.xml; path = Info.plist; sourceTree = "<group>"; };
		3BF34F61299D595D004EA688 /* Tasks.swift */ = {isa = PBXFileReference; lastKnownFileType = sourcecode.swift; path = Tasks.swift; sourceTree = "<group>"; };
		3BF34F63299D5AEE004EA688 /* CustomTableViewCell.swift */ = {isa = PBXFileReference; lastKnownFileType = sourcecode.swift; path = CustomTableViewCell.swift; sourceTree = "<group>"; };
		3BF34F6529A18921004EA688 /* AttachViewController.swift */ = {isa = PBXFileReference; lastKnownFileType = sourcecode.swift; path = AttachViewController.swift; sourceTree = "<group>"; };
		3BF34F6729A23883004EA688 /* TaskAnnotationView.swift */ = {isa = PBXFileReference; lastKnownFileType = sourcecode.swift; path = TaskAnnotationView.swift; sourceTree = "<group>"; };
		3BF34F6929A2F148004EA688 /* TaskComposeViewController.swift */ = {isa = PBXFileReference; lastKnownFileType = sourcecode.swift; path = TaskComposeViewController.swift; sourceTree = "<group>"; };
		3BF34F6B29A867DE004EA688 /* yVtjPt2F.gif */ = {isa = PBXFileReference; lastKnownFileType = image.gif; path = yVtjPt2F.gif; sourceTree = "<group>"; };
/* End PBXFileReference section */

/* Begin PBXFrameworksBuildPhase section */
		3BF34F47299D51BF004EA688 /* Frameworks */ = {
			isa = PBXFrameworksBuildPhase;
			buildActionMask = 2147483647;
			files = (
			);
			runOnlyForDeploymentPostprocessing = 0;
		};
/* End PBXFrameworksBuildPhase section */

/* Begin PBXGroup section */
		3BF34F41299D51BF004EA688 = {
			isa = PBXGroup;
			children = (
				3BF34F4C299D51BF004EA688 /* PhotoScavengerHunt */,
				3BF34F4B299D51BF004EA688 /* Products */,
			);
			sourceTree = "<group>";
		};
		3BF34F4B299D51BF004EA688 /* Products */ = {
			isa = PBXGroup;
			children = (
				3BF34F4A299D51BF004EA688 /* PhotoScavengerHunt.app */,
			);
			name = Products;
			sourceTree = "<group>";
		};
		3BF34F4C299D51BF004EA688 /* PhotoScavengerHunt */ = {
			isa = PBXGroup;
			children = (
				3BF34F4D299D51BF004EA688 /* AppDelegate.swift */,
				3BF34F4F299D51BF004EA688 /* SceneDelegate.swift */,
				3BF34F51299D51BF004EA688 /* ViewController.swift */,
				3BF34F53299D51BF004EA688 /* Main.storyboard */,
				3BF34F6929A2F148004EA688 /* TaskComposeViewController.swift */,
				3BF34F6729A23883004EA688 /* TaskAnnotationView.swift */,
				3BF34F6529A18921004EA688 /* AttachViewController.swift */,
				3BF34F63299D5AEE004EA688 /* CustomTableViewCell.swift */,
				3BF34F61299D595D004EA688 /* Tasks.swift */,
				3BF34F56299D51C0004EA688 /* Assets.xcassets */,
				3BF34F58299D51C0004EA688 /* LaunchScreen.storyboard */,
				3BF34F5B299D51C0004EA688 /* Info.plist */,
				3BF34F6B29A867DE004EA688 /* yVtjPt2F.gif */,
			);
			path = PhotoScavengerHunt;
			sourceTree = "<group>";
		};
/* End PBXGroup section */

/* Begin PBXNativeTarget section */
		3BF34F49299D51BF004EA688 /* PhotoScavengerHunt */ = {
			isa = PBXNativeTarget;
			buildConfigurationList = 3BF34F5E299D51C0004EA688 /* Build configuration list for PBXNativeTarget "PhotoScavengerHunt" */;
			buildPhases = (
				3BF34F46299D51BF004EA688 /* Sources */,
				3BF34F47299D51BF004EA688 /* Frameworks */,
				3BF34F48299D51BF004EA688 /* Resources */,
			);
			buildRules = (
			);
			dependencies = (
			);
			name = PhotoScavengerHunt;
			productName = PhotoScavengerHunt;
			productReference = 3BF34F4A299D51BF004EA688 /* PhotoScavengerHunt.app */;
			productType = "com.apple.product-type.application";
		};
/* End PBXNativeTarget section */

/* Begin PBXProject section */
		3BF34F42299D51BF004EA688 /* Project object */ = {
			isa = PBXProject;
			attributes = {
				BuildIndependentTargetsInParallel = 1;
				LastSwiftUpdateCheck = 1420;
				LastUpgradeCheck = 1420;
				TargetAttributes = {
					3BF34F49299D51BF004EA688 = {
						CreatedOnToolsVersion = 14.2;
					};
				};
			};
			buildConfigurationList = 3BF34F45299D51BF004EA688 /* Build configuration list for PBXProject "PhotoScavengerHunt" */;
			compatibilityVersion = "Xcode 14.0";
			developmentRegion = en;
			hasScannedForEncodings = 0;
			knownRegions = (
				en,
				Base,
			);
			mainGroup = 3BF34F41299D51BF004EA688;
			productRefGroup = 3BF34F4B299D51BF004EA688 /* Products */;
			projectDirPath = "";
			projectRoot = "";
			targets = (
				3BF34F49299D51BF004EA688 /* PhotoScavengerHunt */,
			);
		};
/* End PBXProject section */

/* Begin PBXResourcesBuildPhase section */
		3BF34F48299D51BF004EA688 /* Resources */ = {
			isa = PBXResourcesBuildPhase;
			buildActionMask = 2147483647;
			files = (
				3BF34F5A299D51C0004EA688 /* LaunchScreen.storyboard in Resources */,
				3BF34F6C29A867DE004EA688 /* yVtjPt2F.gif in Resources */,
				3BF34F57299D51C0004EA688 /* Assets.xcassets in Resources */,
				3BF34F55299D51BF004EA688 /* Main.storyboard in Resources */,
			);
			runOnlyForDeploymentPostprocessing = 0;
		};
/* End PBXResourcesBuildPhase section */

/* Begin PBXSourcesBuildPhase section */
		3BF34F46299D51BF004EA688 /* Sources */ = {
			isa = PBXSourcesBuildPhase;
			buildActionMask = 2147483647;
			files = (
				3BF34F62299D595D004EA688 /* Tasks.swift in Sources */,
				3BF34F64299D5AEE004EA688 /* CustomTableViewCell.swift in Sources */,
				3BF34F6A29A2F148004EA688 /* TaskComposeViewController.swift in Sources */,
				3BF34F52299D51BF004EA688 /* ViewController.swift in Sources */,
				3BF34F4E299D51BF004EA688 /* AppDelegate.swift in Sources */,
				3BF34F50299D51BF004EA688 /* SceneDelegate.swift in Sources */,
				3BF34F6829A23883004EA688 /* TaskAnnotationView.swift in Sources */,
				3BF34F6629A18921004EA688 /* AttachViewController.swift in Sources */,
			);
			runOnlyForDeploymentPostprocessing = 0;
		};
/* End PBXSourcesBuildPhase section */

/* Begin PBXVariantGroup section */
		3BF34F53299D51BF004EA688 /* Main.storyboard */ = {
			isa = PBXVariantGroup;
			children = (
				3BF34F54299D51BF004EA688 /* Base */,
			);
			name = Main.storyboard;
			sourceTree = "<group>";
		};
		3BF34F58299D51C0004EA688 /* LaunchScreen.storyboard */ = {
			isa = PBXVariantGroup;
			children = (
				3BF34F59299D51C0004EA688 /* Base */,
			);
			name = LaunchScreen.storyboard;
			sourceTree = "<group>";
		};
/* End PBXVariantGroup section */

/* Begin XCBuildConfiguration section */
		3BF34F5C299D51C0004EA688 /* Debug */ = {
			isa = XCBuildConfiguration;
			buildSettings = {
				ALWAYS_SEARCH_USER_PATHS = NO;
				CLANG_ANALYZER_NONNULL = YES;
				CLANG_ANALYZER_NUMBER_OBJECT_CONVERSION = YES_AGGRESSIVE;
				CLANG_CXX_LANGUAGE_STANDARD = "gnu++20";
				CLANG_ENABLE_MODULES = YES;
				CLANG_ENABLE_OBJC_ARC = YES;
				CLANG_ENABLE_OBJC_WEAK = YES;
				CLANG_WARN_BLOCK_CAPTURE_AUTORELEASING = YES;
				CLANG_WARN_BOOL_CONVERSION = YES;
				CLANG_WARN_COMMA = YES;
				CLANG_WARN_CONSTANT_CONVERSION = YES;
				CLANG_WARN_DEPRECATED_OBJC_IMPLEMENTATIONS = YES;
				CLANG_WARN_DIRECT_OBJC_ISA_USAGE = YES_ERROR;
				CLANG_WARN_DOCUMENTATION_COMMENTS = YES;
				CLANG_WARN_EMPTY_BODY = YES;
				CLANG_WARN_ENUM_CONVERSION = YES;
				CLANG_WARN_INFINITE_RECURSION = YES;
				CLANG_WARN_INT_CONVERSION = YES;
				CLANG_WARN_NON_LITERAL_NULL_CONVERSION = YES;
				CLANG_WARN_OBJC_IMPLICIT_RETAIN_SELF = YES;
				CLANG_WARN_OBJC_LITERAL_CONVERSION = YES;
				CLANG_WARN_OBJC_ROOT_CLASS = YES_ERROR;
				CLANG_WARN_QUOTED_INCLUDE_IN_FRAMEWORK_HEADER = YES;
				CLANG_WARN_RANGE_LOOP_ANALYSIS = YES;
				CLANG_WARN_STRICT_PROTOTYPES = YES;
				CLANG_WARN_SUSPICIOUS_MOVE = YES;
				CLANG_WARN_UNGUARDED_AVAILABILITY = YES_AGGRESSIVE;
				CLANG_WARN_UNREACHABLE_CODE = YES;
				CLANG_WARN__DUPLICATE_METHOD_MATCH = YES;
				COPY_PHASE_STRIP = NO;
				DEBUG_INFORMATION_FORMAT = dwarf;
				ENABLE_STRICT_OBJC_MSGSEND = YES;
				ENABLE_TESTABILITY = YES;
				GCC_C_LANGUAGE_STANDARD = gnu11;
				GCC_DYNAMIC_NO_PIC = NO;
				GCC_NO_COMMON_BLOCKS = YES;
				GCC_OPTIMIZATION_LEVEL = 0;
				GCC_PREPROCESSOR_DEFINITIONS = (
					"DEBUG=1",
					"$(inherited)",
				);
				GCC_WARN_64_TO_32_BIT_CONVERSION = YES;
				GCC_WARN_ABOUT_RETURN_TYPE = YES_ERROR;
				GCC_WARN_UNDECLARED_SELECTOR = YES;
				GCC_WARN_UNINITIALIZED_AUTOS = YES_AGGRESSIVE;
				GCC_WARN_UNUSED_FUNCTION = YES;
				GCC_WARN_UNUSED_VARIABLE = YES;
				IPHONEOS_DEPLOYMENT_TARGET = 16.2;
				MTL_ENABLE_DEBUG_INFO = INCLUDE_SOURCE;
				MTL_FAST_MATH = YES;
				ONLY_ACTIVE_ARCH = YES;
				SDKROOT = iphoneos;
				SWIFT_ACTIVE_COMPILATION_CONDITIONS = DEBUG;
				SWIFT_OPTIMIZATION_LEVEL = "-Onone";
			};
			name = Debug;
		};
		3BF34F5D299D51C0004EA688 /* Release */ = {
			isa = XCBuildConfiguration;
			buildSettings = {
				ALWAYS_SEARCH_USER_PATHS = NO;
				CLANG_ANALYZER_NONNULL = YES;
				CLANG_ANALYZER_NUMBER_OBJECT_CONVERSION = YES_AGGRESSIVE;
				CLANG_CXX_LANGUAGE_STANDARD = "gnu++20";
				CLANG_ENABLE_MODULES = YES;
				CLANG_ENABLE_OBJC_ARC = YES;
				CLANG_ENABLE_OBJC_WEAK = YES;
				CLANG_WARN_BLOCK_CAPTURE_AUTORELEASING = YES;
				CLANG_WARN_BOOL_CONVERSION = YES;
				CLANG_WARN_COMMA = YES;
				CLANG_WARN_CONSTANT_CONVERSION = YES;
				CLANG_WARN_DEPRECATED_OBJC_IMPLEMENTATIONS = YES;
				CLANG_WARN_DIRECT_OBJC_ISA_USAGE = YES_ERROR;
				CLANG_WARN_DOCUMENTATION_COMMENTS = YES;
				CLANG_WARN_EMPTY_BODY = YES;
				CLANG_WARN_ENUM_CONVERSION = YES;
				CLANG_WARN_INFINITE_RECURSION = YES;
				CLANG_WARN_INT_CONVERSION = YES;
				CLANG_WARN_NON_LITERAL_NULL_CONVERSION = YES;
				CLANG_WARN_OBJC_IMPLICIT_RETAIN_SELF = YES;
				CLANG_WARN_OBJC_LITERAL_CONVERSION = YES;
				CLANG_WARN_OBJC_ROOT_CLASS = YES_ERROR;
				CLANG_WARN_QUOTED_INCLUDE_IN_FRAMEWORK_HEADER = YES;
				CLANG_WARN_RANGE_LOOP_ANALYSIS = YES;
				CLANG_WARN_STRICT_PROTOTYPES = YES;
				CLANG_WARN_SUSPICIOUS_MOVE = YES;
				CLANG_WARN_UNGUARDED_AVAILABILITY = YES_AGGRESSIVE;
				CLANG_WARN_UNREACHABLE_CODE = YES;
				CLANG_WARN__DUPLICATE_METHOD_MATCH = YES;
				COPY_PHASE_STRIP = NO;
				DEBUG_INFORMATION_FORMAT = "dwarf-with-dsym";
				ENABLE_NS_ASSERTIONS = NO;
				ENABLE_STRICT_OBJC_MSGSEND = YES;
				GCC_C_LANGUAGE_STANDARD = gnu11;
				GCC_NO_COMMON_BLOCKS = YES;
				GCC_WARN_64_TO_32_BIT_CONVERSION = YES;
				GCC_WARN_ABOUT_RETURN_TYPE = YES_ERROR;
				GCC_WARN_UNDECLARED_SELECTOR = YES;
				GCC_WARN_UNINITIALIZED_AUTOS = YES_AGGRESSIVE;
				GCC_WARN_UNUSED_FUNCTION = YES;
				GCC_WARN_UNUSED_VARIABLE = YES;
				IPHONEOS_DEPLOYMENT_TARGET = 16.2;
				MTL_ENABLE_DEBUG_INFO = NO;
				MTL_FAST_MATH = YES;
				SDKROOT = iphoneos;
				SWIFT_COMPILATION_MODE = wholemodule;
				SWIFT_OPTIMIZATION_LEVEL = "-O";
				VALIDATE_PRODUCT = YES;
			};
			name = Release;
		};
		3BF34F5F299D51C0004EA688 /* Debug */ = {
			isa = XCBuildConfiguration;
			buildSettings = {
				ASSETCATALOG_COMPILER_APPICON_NAME = AppIcon;
				ASSETCATALOG_COMPILER_GLOBAL_ACCENT_COLOR_NAME = AccentColor;
				CODE_SIGN_STYLE = Automatic;
				CURRENT_PROJECT_VERSION = 1;
				DEVELOPMENT_TEAM = 62H7DGCLJQ;
				GENERATE_INFOPLIST_FILE = YES;
				INFOPLIST_FILE = PhotoScavengerHunt/Info.plist;
				INFOPLIST_KEY_UIApplicationSupportsIndirectInputEvents = YES;
				INFOPLIST_KEY_UILaunchStoryboardName = LaunchScreen;
				INFOPLIST_KEY_UIMainStoryboardFile = Main;
				INFOPLIST_KEY_UISupportedInterfaceOrientations_iPad = "UIInterfaceOrientationPortrait UIInterfaceOrientationPortraitUpsideDown UIInterfaceOrientationLandscapeLeft UIInterfaceOrientationLandscapeRight";
				INFOPLIST_KEY_UISupportedInterfaceOrientations_iPhone = "UIInterfaceOrientationPortrait UIInterfaceOrientationLandscapeLeft UIInterfaceOrientationLandscapeRight";
				LD_RUNPATH_SEARCH_PATHS = (
					"$(inherited)",
					"@executable_path/Frameworks",
				);
				MARKETING_VERSION = 1.0;
				PRODUCT_BUNDLE_IDENTIFIER = com.ujjwaladhikari.PhotoScavengerHunt;
				PRODUCT_NAME = "$(TARGET_NAME)";
				SWIFT_EMIT_LOC_STRINGS = YES;
				SWIFT_VERSION = 5.0;
				TARGETED_DEVICE_FAMILY = "1,2";
			};
			name = Debug;
		};
		3BF34F60299D51C0004EA688 /* Release */ = {
			isa = XCBuildConfiguration;
			buildSettings = {
				ASSETCATALOG_COMPILER_APPICON_NAME = AppIcon;
				ASSETCATALOG_COMPILER_GLOBAL_ACCENT_COLOR_NAME = AccentColor;
				CODE_SIGN_STYLE = Automatic;
				CURRENT_PROJECT_VERSION = 1;
				DEVELOPMENT_TEAM = 62H7DGCLJQ;
				GENERATE_INFOPLIST_FILE = YES;
				INFOPLIST_FILE = PhotoScavengerHunt/Info.plist;
				INFOPLIST_KEY_UIApplicationSupportsIndirectInputEvents = YES;
				INFOPLIST_KEY_UILaunchStoryboardName = LaunchScreen;
				INFOPLIST_KEY_UIMainStoryboardFile = Main;
				INFOPLIST_KEY_UISupportedInterfaceOrientations_iPad = "UIInterfaceOrientationPortrait UIInterfaceOrientationPortraitUpsideDown UIInterfaceOrientationLandscapeLeft UIInterfaceOrientationLandscapeRight";
				INFOPLIST_KEY_UISupportedInterfaceOrientations_iPhone = "UIInterfaceOrientationPortrait UIInterfaceOrientationLandscapeLeft UIInterfaceOrientationLandscapeRight";
				LD_RUNPATH_SEARCH_PATHS = (
					"$(inherited)",
					"@executable_path/Frameworks",
				);
				MARKETING_VERSION = 1.0;
				PRODUCT_BUNDLE_IDENTIFIER = com.ujjwaladhikari.PhotoScavengerHunt;
				PRODUCT_NAME = "$(TARGET_NAME)";
				SWIFT_EMIT_LOC_STRINGS = YES;
				SWIFT_VERSION = 5.0;
				TARGETED_DEVICE_FAMILY = "1,2";
			};
			name = Release;
		};
/* End XCBuildConfiguration section */

/* Begin XCConfigurationList section */
		3BF34F45299D51BF004EA688 /* Build configuration list for PBXProject "PhotoScavengerHunt" */ = {
			isa = XCConfigurationList;
			buildConfigurations = (
				3BF34F5C299D51C0004EA688 /* Debug */,
				3BF34F5D299D51C0004EA688 /* Release */,
			);
			defaultConfigurationIsVisible = 0;
			defaultConfigurationName = Release;
		};
		3BF34F5E299D51C0004EA688 /* Build configuration list for PBXNativeTarget "PhotoScavengerHunt" */ = {
			isa = XCConfigurationList;
			buildConfigurations = (
				3BF34F5F299D51C0004EA688 /* Debug */,
				3BF34F60299D51C0004EA688 /* Release */,
			);
			defaultConfigurationIsVisible = 0;
			defaultConfigurationName = Release;
		};
/* End XCConfigurationList section */
	};
	rootObject = 3BF34F42299D51BF004EA688 /* Project object */;
}
